<?xml version="1.0" encoding="utf-8"?>
<Project ToolsVersion="4.0" xmlns="http://schemas.microsoft.com/developer/msbuild/2003">
  <ItemGroup>
    <Filter Include="99.Defines">
      <UniqueIdentifier>{6bbefb87-ddff-4aff-9a2b-1cc95f3a4a2b}</UniqueIdentifier>
    </Filter>
    <Filter Include="98.Default">
      <UniqueIdentifier>{6c4eb57b-802a-4017-9742-8860e80273aa}</UniqueIdentifier>
    </Filter>
    <Filter Include="00.MainApp">
      <UniqueIdentifier>{e37c2c98-d15c-493b-bc4b-7d9cd7207c32}</UniqueIdentifier>
    </Filter>
    <Filter Include="01.Levels">
      <UniqueIdentifier>{8fe9f321-834c-4fda-b652-015f8ffa5628}</UniqueIdentifier>
    </Filter>
    <Filter Include="01.Levels\GamePlay">
      <UniqueIdentifier>{7f41c64b-be06-422e-9219-83684cafa8a6}</UniqueIdentifier>
    </Filter>
    <Filter Include="02.GameObjects">
      <UniqueIdentifier>{e43784d0-ed5c-40f4-8d22-a8a57286ac27}</UniqueIdentifier>
    </Filter>
    <Filter Include="02.GameObjects\BackGround">
      <UniqueIdentifier>{00b0977b-28d1-4d3e-8c7e-eaba26c2ab85}</UniqueIdentifier>
    </Filter>
    <Filter Include="97. Imgui">
      <UniqueIdentifier>{54738d0b-dec9-4d92-945a-87529e336b85}</UniqueIdentifier>
    </Filter>
    <Filter Include="97. Imgui\cpp">
      <UniqueIdentifier>{d7ef9f58-a679-4b84-88b4-a1f7b29b5d40}</UniqueIdentifier>
    </Filter>
    <Filter Include="97. Imgui\h">
      <UniqueIdentifier>{51c7bedd-2a1f-4658-b358-1ef42feb205e}</UniqueIdentifier>
    </Filter>
    <Filter Include="02.GameObjects\Camera">
      <UniqueIdentifier>{24d91bed-70bb-479e-a6ef-c6a774315506}</UniqueIdentifier>
    </Filter>
    <Filter Include="02.GameObjects\Terrain">
      <UniqueIdentifier>{d301e9b2-490f-4931-8bc9-efd2be7291fc}</UniqueIdentifier>
    </Filter>
    <Filter Include="02.GameObjects\LandObject">
      <UniqueIdentifier>{4decf3b6-23c4-486f-8c1f-d51fe47bf50c}</UniqueIdentifier>
    </Filter>
    <Filter Include="02.GameObjects\LandObject\Monster">
      <UniqueIdentifier>{b582b878-7d24-4112-912e-1f594742f5e7}</UniqueIdentifier>
    </Filter>
    <Filter Include="02.GameObjects\LandObject\Player">
      <UniqueIdentifier>{c8adca8e-cb98-4749-9922-3f12942b28de}</UniqueIdentifier>
    </Filter>
    <Filter Include="02.GameObjects\Enviorment">
      <UniqueIdentifier>{40d5bc9e-84ad-4fd9-868c-44220b137ed7}</UniqueIdentifier>
    </Filter>
    <Filter Include="02.GameObjects\Skill">
      <UniqueIdentifier>{18969ed2-d64f-4b1d-8fc3-1101eb22b1c6}</UniqueIdentifier>
    </Filter>
    <Filter Include="02.GameObjects\Skill\Skill_Monster">
      <UniqueIdentifier>{c520d356-9509-4de7-b278-b65adddad62f}</UniqueIdentifier>
    </Filter>
    <Filter Include="02.GameObjects\Skill\Skill_Player">
      <UniqueIdentifier>{af2ce3aa-51c5-44fa-bac2-95171cb9fb4c}</UniqueIdentifier>
    </Filter>
    <Filter Include="02.GameObjects\Skill\Skill_Monster\Skill_Bug_Bullet">
      <UniqueIdentifier>{54895d1f-0bd4-4614-97ce-e7188ca1ea32}</UniqueIdentifier>
    </Filter>
    <Filter Include="02.GameObjects\LandObject\Monster\Boss">
      <UniqueIdentifier>{8cf21d63-e930-4368-bea0-fc8f8e2e5e76}</UniqueIdentifier>
    </Filter>
    <Filter Include="02.GameObjects\LandObject\Monster\Pocket">
      <UniqueIdentifier>{a356024f-a36b-4196-a7c6-e424dfe950bb}</UniqueIdentifier>
    </Filter>
    <Filter Include="02.GameObjects\LandObject\Monster\Boss\Bug">
      <UniqueIdentifier>{fb64bdd0-662c-4cf0-a03f-015fed56f709}</UniqueIdentifier>
    </Filter>
    <Filter Include="02.GameObjects\LandObject\Monster\Boss\Koofu">
      <UniqueIdentifier>{599b2527-e25e-4aeb-8da4-91ef963ffa75}</UniqueIdentifier>
    </Filter>
    <Filter Include="02.GameObjects\LandObject\Monster\Turtle">
      <UniqueIdentifier>{451c3670-d5f4-44f6-9018-8657401beeaf}</UniqueIdentifier>
    </Filter>
    <Filter Include="02.GameObjects\Sky">
      <UniqueIdentifier>{d8524c7f-640c-4dff-a2c1-1d81795eb2b7}</UniqueIdentifier>
    </Filter>
    <Filter Include="02.GameObjects\Skill\Skill_Monster\Skill_Koofu_Fuit">
      <UniqueIdentifier>{bda7abb2-6d2a-40f9-991f-97f218a9e220}</UniqueIdentifier>
    </Filter>
    <Filter Include="02.GameObjects\Skill\Skill_Monster\Skill_Koofu_Rolling">
      <UniqueIdentifier>{6a327645-259d-4f78-aa51-c0f3ada3cd04}</UniqueIdentifier>
    </Filter>
    <Filter Include="02.GameObjects\Enviorment\01. Jungle">
      <UniqueIdentifier>{1c914190-cdd5-4cc4-b5dd-a9f309c01b80}</UniqueIdentifier>
    </Filter>
    <Filter Include="02.GameObjects\Enviorment\01. Jungle\Block">
      <UniqueIdentifier>{dc0b2874-9e07-4652-906a-206b0a95a743}</UniqueIdentifier>
    </Filter>
    <Filter Include="02.GameObjects\Enviorment\01. Jungle\Bush">
      <UniqueIdentifier>{ec6a2b3c-2207-41d3-ab7e-16d7096c4f5e}</UniqueIdentifier>
    </Filter>
    <Filter Include="02.GameObjects\Enviorment\01. Jungle\Hole">
      <UniqueIdentifier>{6af1b393-fa8a-41e2-aa5c-4643ce2c6575}</UniqueIdentifier>
    </Filter>
    <Filter Include="02.GameObjects\Enviorment\01. Jungle\Monkey_Statue">
      <UniqueIdentifier>{bc454981-81d4-4185-9cdb-85f247693c99}</UniqueIdentifier>
    </Filter>
    <Filter Include="02.GameObjects\Enviorment\01. Jungle\Push_Stone">
      <UniqueIdentifier>{3e1724c9-4947-4808-89af-1b26f8ce4fca}</UniqueIdentifier>
    </Filter>
    <Filter Include="02.GameObjects\Enviorment\01. Jungle\RockBreakable">
      <UniqueIdentifier>{762393b3-4cdc-4477-8338-ece8b603a123}</UniqueIdentifier>
    </Filter>
    <Filter Include="02.GameObjects\Enviorment\01. Jungle\Tree">
      <UniqueIdentifier>{1ace6462-cb55-48c0-9b28-78b4ea8d8b8a}</UniqueIdentifier>
    </Filter>
    <Filter Include="02.GameObjects\Enviorment\00. Tacho">
      <UniqueIdentifier>{8d7973c2-79e0-4cc6-8465-40663dbcb0f2}</UniqueIdentifier>
    </Filter>
    <Filter Include="02.GameObjects\Enviorment\00. Tacho\Outside_Shop">
      <UniqueIdentifier>{fc930d93-3bf1-4aaf-acea-bf37ec68cdf6}</UniqueIdentifier>
    </Filter>
    <Filter Include="02.GameObjects\Enviorment\00. Tacho\Outside_BreadShop">
      <UniqueIdentifier>{7866f6d4-9b34-4a38-9b60-16e14885dcc2}</UniqueIdentifier>
    </Filter>
    <Filter Include="02.GameObjects\Enviorment\00. Tacho\Outside_WaterTank">
      <UniqueIdentifier>{5b3c1672-08de-4b6b-b072-49cdfb1d857d}</UniqueIdentifier>
    </Filter>
    <Filter Include="02.GameObjects\Enviorment\00. Tacho\Outside_PotHorizontal1">
      <UniqueIdentifier>{238cb56a-8376-4762-a173-3b0c2d8eda1a}</UniqueIdentifier>
    </Filter>
    <Filter Include="02.GameObjects\Enviorment\00. Tacho\Outside_PotHorizontal2">
      <UniqueIdentifier>{ace35c44-c217-4c60-9c09-b641ab2eca90}</UniqueIdentifier>
    </Filter>
    <Filter Include="02.GameObjects\Enviorment\00. Tacho\Outside_SuperMarket">
      <UniqueIdentifier>{d4e021b3-9f22-4ae8-bf55-d94e1e05a48a}</UniqueIdentifier>
    </Filter>
    <Filter Include="02.GameObjects\Tile">
      <UniqueIdentifier>{d323e380-46bf-4990-a81b-f8329c5baea0}</UniqueIdentifier>
    </Filter>
    <Filter Include="02.GameObjects\Tile\Tacho">
      <UniqueIdentifier>{d55bd872-9ba7-436f-8b22-003056834cbe}</UniqueIdentifier>
    </Filter>
    <Filter Include="02.GameObjects\Enviorment\00. Tacho\Outside_Fence">
      <UniqueIdentifier>{528bee7b-50ed-4637-97ad-7ef222668a15}</UniqueIdentifier>
    </Filter>
    <Filter Include="02.GameObjects\Tile\Tacho\TachoGround_Tile">
      <UniqueIdentifier>{2fedf27b-1c8e-4a9b-bfcc-b0e93dfe7e5a}</UniqueIdentifier>
    </Filter>
    <Filter Include="02.GameObjects\Enviorment\00. Tacho\Outside_TelephonePole">
      <UniqueIdentifier>{74d5dbf9-7318-41f3-9b1e-cb26ef65131c}</UniqueIdentifier>
    </Filter>
    <Filter Include="02.GameObjects\Enviorment\02. Snow">
      <UniqueIdentifier>{2ce0454f-f72e-4a01-9521-5a2cb704a1b0}</UniqueIdentifier>
    </Filter>
    <Filter Include="02.GameObjects\Enviorment\02. Snow\Snow_Tree">
      <UniqueIdentifier>{70127eff-cdc4-4d08-860f-807be9e3bd89}</UniqueIdentifier>
    </Filter>
    <Filter Include="02.GameObjects\Enviorment\02. Snow\Snow_House">
      <UniqueIdentifier>{864a6187-e977-4f00-a91e-bc07c7a19915}</UniqueIdentifier>
    </Filter>
    <Filter Include="02.GameObjects\Enviorment\02. Snow\Snow_Fence">
      <UniqueIdentifier>{ed3779ab-e928-4940-b694-e47ca5a0813d}</UniqueIdentifier>
    </Filter>
    <Filter Include="02.GameObjects\Enviorment\02. Snow\Snow_CenterDirt">
      <UniqueIdentifier>{b180faa0-82ef-487b-873c-0b2178a62223}</UniqueIdentifier>
    </Filter>
    <Filter Include="02.GameObjects\Enviorment\02. Snow\Snow_Bush">
      <UniqueIdentifier>{6eec131c-3b6b-423f-90f2-f7210ccea20d}</UniqueIdentifier>
    </Filter>
    <Filter Include="02.GameObjects\Enviorment\02. Snow\Snow_GrassGround">
      <UniqueIdentifier>{d49ffcc8-e2b7-41ce-be1f-1e54a71c7472}</UniqueIdentifier>
    </Filter>
    <Filter Include="02.GameObjects\Enviorment\02. Snow\Snow_Rock">
      <UniqueIdentifier>{517a0c35-d66d-49b6-b323-afd14e794508}</UniqueIdentifier>
    </Filter>
    <Filter Include="02.GameObjects\Enviorment\02. Snow\Snow_Fire">
      <UniqueIdentifier>{ce4b6540-24c9-4fb6-9336-e64cc24466d2}</UniqueIdentifier>
    </Filter>
    <Filter Include="02.GameObjects\Enviorment\02. Snow\Snow_FireWood">
      <UniqueIdentifier>{ec43fbf2-dec4-4b58-aa0f-202e8f84abc0}</UniqueIdentifier>
    </Filter>
    <Filter Include="02.GameObjects\Enviorment\03. Koofu">
      <UniqueIdentifier>{0561e1a7-ec8a-41c1-b373-ef6b631cab82}</UniqueIdentifier>
    </Filter>
    <Filter Include="02.GameObjects\Enviorment\03. Koofu\Koofu_Circle">
      <UniqueIdentifier>{ab1da2fe-fc5b-47eb-9454-193ae67a8305}</UniqueIdentifier>
    </Filter>
    <Filter Include="02.GameObjects\Enviorment\03. Koofu\Koofu_LowerCenter">
      <UniqueIdentifier>{d342f05b-683e-4271-9e63-4a775db7ce8f}</UniqueIdentifier>
    </Filter>
    <Filter Include="02.GameObjects\Enviorment\03. Koofu\Koofu_LeftCenter">
      <UniqueIdentifier>{157d5883-ac93-4284-bad4-312596b78601}</UniqueIdentifier>
    </Filter>
    <Filter Include="02.GameObjects\Enviorment\03. Koofu\Koofu_RightCenter">
      <UniqueIdentifier>{cdc36220-bbc1-4d83-a42f-6b965d87b9b3}</UniqueIdentifier>
    </Filter>
    <Filter Include="02.GameObjects\Enviorment\03. Koofu\Koofu_LowerLeft">
      <UniqueIdentifier>{014aa93a-b3b1-4e3e-baf8-c173952e91e8}</UniqueIdentifier>
    </Filter>
    <Filter Include="02.GameObjects\Enviorment\03. Koofu\Koofu_LowerRight">
      <UniqueIdentifier>{79de5aad-2808-4e1c-a7ad-4280073da46f}</UniqueIdentifier>
    </Filter>
    <Filter Include="02.GameObjects\Enviorment\03. Koofu\Koofu_Upper">
      <UniqueIdentifier>{b119659b-4854-4a17-b6fc-d03a40c0264d}</UniqueIdentifier>
    </Filter>
    <Filter Include="02.GameObjects\Enviorment\03. Koofu\Koofu_UpperLeft">
      <UniqueIdentifier>{3c087bf9-cef9-45e8-8378-8026cc33c017}</UniqueIdentifier>
    </Filter>
    <Filter Include="02.GameObjects\Enviorment\03. Koofu\Koofu_UpperRight">
      <UniqueIdentifier>{0389ca8a-6a42-4589-8d6f-5a49f470e015}</UniqueIdentifier>
    </Filter>
    <Filter Include="02.GameObjects\Enviorment\04. Moon">
      <UniqueIdentifier>{b8421c7d-8e9c-44dd-ae44-334a1fdfc777}</UniqueIdentifier>
    </Filter>
    <Filter Include="02.GameObjects\Enviorment\04. Moon\Moon_FlooerStone">
      <UniqueIdentifier>{deb2a45f-0ded-4ee6-9057-671f3817cfa8}</UniqueIdentifier>
    </Filter>
    <Filter Include="02.GameObjects\Enviorment\04. Moon\Moon_BossFrame">
      <UniqueIdentifier>{8626e9ff-e0dd-4ce3-ae14-079efd27527a}</UniqueIdentifier>
    </Filter>
    <Filter Include="02.GameObjects\Enviorment\04. Moon\Moon_Fence">
      <UniqueIdentifier>{18f6958e-4cfc-47bf-8bce-9029e4b6bec5}</UniqueIdentifier>
    </Filter>
    <Filter Include="02.GameObjects\Enviorment\04. Moon\Moon_VerticalFence">
      <UniqueIdentifier>{ba6df18c-2a87-4c4b-9490-5a4a3196cd03}</UniqueIdentifier>
    </Filter>
    <Filter Include="02.GameObjects\Skill\Skill_Monster\Skill_Koofu_Bubble">
      <UniqueIdentifier>{e8bf7f7a-3ae1-4e81-84e3-e157ec09a6f1}</UniqueIdentifier>
    </Filter>
    <Filter Include="01.Levels\1. Tacho">
      <UniqueIdentifier>{2931dd44-5e4e-4577-acb1-67d668d2ee18}</UniqueIdentifier>
    </Filter>
    <Filter Include="01.Levels\2. Jungle">
      <UniqueIdentifier>{4b0bfb52-fb05-406a-bdc2-c3120bd62ec4}</UniqueIdentifier>
    </Filter>
    <Filter Include="01.Levels\3. Snow">
      <UniqueIdentifier>{ce076d36-fb44-4784-9f65-ff6a5e92b51d}</UniqueIdentifier>
    </Filter>
    <Filter Include="01.Levels\4. Bug">
      <UniqueIdentifier>{7b52caa7-2e29-47b6-aa9e-f3c0bbcd7659}</UniqueIdentifier>
    </Filter>
    <Filter Include="01.Levels\5. Koofu">
      <UniqueIdentifier>{85fa5ef9-1132-46d3-8a42-c1597298ef5e}</UniqueIdentifier>
    </Filter>
    <Filter Include="01.Levels\99. Loading">
      <UniqueIdentifier>{a3db46bb-ea3d-4c11-8638-aad6c190712a}</UniqueIdentifier>
    </Filter>
    <Filter Include="01.Levels\99. Loading\Loader">
      <UniqueIdentifier>{4627ad56-58d9-45e5-9d9d-a5bb27f03ba3}</UniqueIdentifier>
    </Filter>
    <Filter Include="02.GameObjects\Skill\Skill_Monster\Skill_Koofu_SludgeWave">
      <UniqueIdentifier>{a27cca37-55ff-4b45-aad6-b1836e3afc42}</UniqueIdentifier>
    </Filter>
    <Filter Include="02.GameObjects\LandObject\Monster\Koofu_Copy">
      <UniqueIdentifier>{06864482-1852-4006-8ded-f658833293a6}</UniqueIdentifier>
    </Filter>
    <Filter Include="02.GameObjects\UI">
      <UniqueIdentifier>{ea165099-c0c5-4d81-a9fd-e067f002d173}</UniqueIdentifier>
    </Filter>
    <Filter Include="01.Levels\6. Edit">
      <UniqueIdentifier>{14e7a5e4-1f4e-46f3-901d-8ceb8566949d}</UniqueIdentifier>
    </Filter>
    <Filter Include="01.Levels\7. UI">
      <UniqueIdentifier>{6e793bd8-8c17-40ed-a672-427deaf15f8a}</UniqueIdentifier>
    </Filter>
    <Filter Include="02.GameObjects\UI\PlayerUI">
      <UniqueIdentifier>{a2178b8a-1bfc-4618-b6b3-03c1826bd2ad}</UniqueIdentifier>
    </Filter>
    <Filter Include="02.GameObjects\UI\PlayerUI\UI_Heart_Player">
      <UniqueIdentifier>{314cd74f-38b8-429b-b254-54b00ff464c7}</UniqueIdentifier>
    </Filter>
    <Filter Include="02.GameObjects\UI\PlayerUI\UI_HP_Player">
      <UniqueIdentifier>{28f8505b-40bf-4bbe-a7be-fccbaa625fed}</UniqueIdentifier>
    </Filter>
    <Filter Include="02.GameObjects\UI\PlayerUI\UI_Icon_KeyBoard">
      <UniqueIdentifier>{dbfcf54d-d14f-42a8-85cf-f614d0bf48d6}</UniqueIdentifier>
    </Filter>
    <Filter Include="02.GameObjects\UI\EscUI">
      <UniqueIdentifier>{2d80393f-ae0c-4251-a814-739ba89f3245}</UniqueIdentifier>
    </Filter>
    <Filter Include="02.GameObjects\UI\Basic_Effect">
      <UniqueIdentifier>{962f3cc4-d26c-4d7e-8e75-c0596a651097}</UniqueIdentifier>
    </Filter>
    <Filter Include="02.GameObjects\UI\EscUI\Inventory">
      <UniqueIdentifier>{62d61113-19be-4fb2-9723-d8b73ffb185e}</UniqueIdentifier>
    </Filter>
    <Filter Include="02.GameObjects\UI\PlayerUI\UI_PlayerEquipSlot">
      <UniqueIdentifier>{3af12edc-6b80-46ef-b580-27204acdf48d}</UniqueIdentifier>
    </Filter>
    <Filter Include="02.GameObjects\UI\PlayerItem">
      <UniqueIdentifier>{fece1618-af18-49db-be75-cb060f57566d}</UniqueIdentifier>
    </Filter>
    <Filter Include="02.GameObjects\UI\Loading">
      <UniqueIdentifier>{81fd0153-d602-494b-8061-f3ebd10981c3}</UniqueIdentifier>
    </Filter>
  </ItemGroup>
  <ItemGroup>
    <Text Include="ReadMe.txt" />
  </ItemGroup>
  <ItemGroup>
    <ClInclude Include="Client.h">
      <Filter>98.Default</Filter>
    </ClInclude>
    <ClInclude Include="Resource.h">
      <Filter>98.Default</Filter>
    </ClInclude>
    <ClInclude Include="stdafx.h">
      <Filter>98.Default</Filter>
    </ClInclude>
    <ClInclude Include="targetver.h">
      <Filter>98.Default</Filter>
    </ClInclude>
    <ClInclude Include="..\public\MainApp.h">
      <Filter>00.MainApp</Filter>
    </ClInclude>
    <ClInclude Include="..\Public\Client_Defines.h">
      <Filter>99.Defines</Filter>
    </ClInclude>
    <ClInclude Include="..\Public\Level_Loading.h">
      <Filter>01.Levels\99. Loading</Filter>
    </ClInclude>
    <ClInclude Include="..\Public\Level_GamePlay.h">
      <Filter>01.Levels\GamePlay</Filter>
    </ClInclude>
    <ClInclude Include="..\public\Loader.h">
      <Filter>01.Levels\99. Loading\Loader</Filter>
    </ClInclude>
    <ClInclude Include="..\public\BackGround.h">
      <Filter>02.GameObjects\BackGround</Filter>
    </ClInclude>
    <ClInclude Include="..\Public\Player.h">
      <Filter>02.GameObjects\LandObject\Player</Filter>
    </ClInclude>
    <ClInclude Include="..\Public\Monster.h">
      <Filter>02.GameObjects\LandObject\Monster</Filter>
    </ClInclude>
    <ClInclude Include="..\Public\imstb_rectpack.h">
      <Filter>97. Imgui\h</Filter>
    </ClInclude>
    <ClInclude Include="..\Public\imstb_textedit.h">
      <Filter>97. Imgui\h</Filter>
    </ClInclude>
    <ClInclude Include="..\Public\imstb_truetype.h">
      <Filter>97. Imgui\h</Filter>
    </ClInclude>
    <ClInclude Include="..\Public\imconfig.h">
      <Filter>97. Imgui\h</Filter>
    </ClInclude>
    <ClInclude Include="..\Public\imgui.h">
      <Filter>97. Imgui\h</Filter>
    </ClInclude>
    <ClInclude Include="..\Public\imgui_impl_dx9.h">
      <Filter>97. Imgui\h</Filter>
    </ClInclude>
    <ClInclude Include="..\Public\imgui_impl_win32.h">
      <Filter>97. Imgui\h</Filter>
    </ClInclude>
    <ClInclude Include="..\Public\imgui_internal.h">
      <Filter>97. Imgui\h</Filter>
    </ClInclude>
    <ClInclude Include="..\Public\Camera.h">
      <Filter>02.GameObjects\Camera</Filter>
    </ClInclude>
    <ClInclude Include="..\Public\Terrain.h">
      <Filter>02.GameObjects\Terrain</Filter>
    </ClInclude>
    <ClInclude Include="..\Public\LandObject.h">
      <Filter>02.GameObjects\LandObject</Filter>
    </ClInclude>
    <ClInclude Include="..\Public\Tree.h">
      <Filter>02.GameObjects\Enviorment\01. Jungle\Tree</Filter>
    </ClInclude>
    <ClInclude Include="..\Public\Push_Stone.h">
      <Filter>02.GameObjects\Enviorment\01. Jungle\Push_Stone</Filter>
    </ClInclude>
    <ClInclude Include="..\Public\Monkey_Statue.h">
      <Filter>02.GameObjects\Enviorment\01. Jungle\Monkey_Statue</Filter>
    </ClInclude>
    <ClInclude Include="..\Public\RockBreakable.h">
      <Filter>02.GameObjects\Enviorment\01. Jungle\RockBreakable</Filter>
    </ClInclude>
    <ClInclude Include="..\Public\Block.h">
      <Filter>02.GameObjects\Enviorment\01. Jungle\Block</Filter>
    </ClInclude>
    <ClInclude Include="..\Public\Hole.h">
      <Filter>02.GameObjects\Enviorment\01. Jungle\Hole</Filter>
    </ClInclude>
    <ClInclude Include="..\Public\Bush.h">
      <Filter>02.GameObjects\Enviorment\01. Jungle\Bush</Filter>
    </ClInclude>
    <ClInclude Include="..\Public\Skill.h">
      <Filter>02.GameObjects\Skill</Filter>
    </ClInclude>
    <ClInclude Include="..\Public\Skill_Player.h">
      <Filter>02.GameObjects\Skill\Skill_Player</Filter>
    </ClInclude>
    <ClInclude Include="..\Public\Skill_Monster.h">
      <Filter>02.GameObjects\Skill\Skill_Monster</Filter>
    </ClInclude>
    <ClInclude Include="..\Public\Skill_Bug_Bullet.h">
      <Filter>02.GameObjects\Skill\Skill_Monster\Skill_Bug_Bullet</Filter>
    </ClInclude>
    <ClInclude Include="..\Public\Mon_Pocket.h">
      <Filter>02.GameObjects\LandObject\Monster\Pocket</Filter>
    </ClInclude>
    <ClInclude Include="..\Public\Skill_Koofu_Rolling.h">
      <Filter>02.GameObjects\Skill\Skill_Monster\Skill_Koofu_Rolling</Filter>
    </ClInclude>
    <ClInclude Include="..\Public\Boss_Bug.h">
      <Filter>02.GameObjects\LandObject\Monster\Boss\Bug</Filter>
    </ClInclude>
    <ClInclude Include="..\Public\Boss_Koofu.h">
      <Filter>02.GameObjects\LandObject\Monster\Boss\Koofu</Filter>
    </ClInclude>
    <ClInclude Include="..\Public\Mon_Turtle.h">
      <Filter>02.GameObjects\LandObject\Monster\Turtle</Filter>
    </ClInclude>
    <ClInclude Include="..\Public\EnviormentObject.h">
      <Filter>02.GameObjects\Enviorment</Filter>
    </ClInclude>
    <ClInclude Include="..\public\Skill_Koofu_Fuit.h">
      <Filter>02.GameObjects\Skill\Skill_Monster\Skill_Koofu_Fuit</Filter>
    </ClInclude>
    <ClInclude Include="..\Public\Sky.h">
      <Filter>02.GameObjects\Sky</Filter>
    </ClInclude>
    <ClInclude Include="..\Public\Level_Tacho.h">
      <Filter>01.Levels\1. Tacho</Filter>
    </ClInclude>
    <ClInclude Include="..\Public\Outside_Shop.h">
      <Filter>02.GameObjects\Enviorment\00. Tacho\Outside_Shop</Filter>
    </ClInclude>
    <ClInclude Include="..\Public\Outside_BreadShop.h">
      <Filter>02.GameObjects\Enviorment\00. Tacho\Outside_BreadShop</Filter>
    </ClInclude>
    <ClInclude Include="..\Public\Outside_WaterTank.h">
      <Filter>02.GameObjects\Enviorment\00. Tacho\Outside_WaterTank</Filter>
    </ClInclude>
    <ClInclude Include="..\Public\Outside_PotHorizontal1.h">
      <Filter>02.GameObjects\Enviorment\00. Tacho\Outside_PotHorizontal1</Filter>
    </ClInclude>
    <ClInclude Include="..\Public\Outside_PotHorizontal2.h">
      <Filter>02.GameObjects\Enviorment\00. Tacho\Outside_PotHorizontal2</Filter>
    </ClInclude>
    <ClInclude Include="..\Public\Outside_SuperMarket.h">
      <Filter>02.GameObjects\Enviorment\00. Tacho\Outside_SuperMarket</Filter>
    </ClInclude>
    <ClInclude Include="..\Public\TachoShop_Tile.h">
      <Filter>02.GameObjects\Tile\Tacho</Filter>
    </ClInclude>
    <ClInclude Include="..\Public\Outside_Fence.h">
      <Filter>02.GameObjects\Enviorment\00. Tacho\Outside_Fence</Filter>
    </ClInclude>
    <ClInclude Include="..\Public\TachoGround_Tile.h">
      <Filter>02.GameObjects\Tile\Tacho\TachoGround_Tile</Filter>
    </ClInclude>
    <ClInclude Include="..\Public\Outside_TelePhonePole.h">
      <Filter>02.GameObjects\Enviorment\00. Tacho\Outside_TelephonePole</Filter>
    </ClInclude>
    <ClInclude Include="..\Public\Level_Snow.h">
      <Filter>01.Levels\3. Snow</Filter>
    </ClInclude>
    <ClInclude Include="..\Public\Snow_Tree.h">
      <Filter>02.GameObjects\Enviorment\02. Snow\Snow_Tree</Filter>
    </ClInclude>
    <ClInclude Include="..\Public\Snow_House.h">
      <Filter>02.GameObjects\Enviorment\02. Snow\Snow_House</Filter>
    </ClInclude>
    <ClInclude Include="..\Public\Snow_Fence.h">
      <Filter>02.GameObjects\Enviorment\02. Snow\Snow_Fence</Filter>
    </ClInclude>
    <ClInclude Include="..\Public\Snow_CenterDirt.h">
      <Filter>02.GameObjects\Enviorment\02. Snow\Snow_CenterDirt</Filter>
    </ClInclude>
    <ClInclude Include="..\Public\Snow_Bush.h">
      <Filter>02.GameObjects\Enviorment\02. Snow\Snow_Bush</Filter>
    </ClInclude>
    <ClInclude Include="..\Public\Snow_GrassGround.h">
      <Filter>02.GameObjects\Enviorment\02. Snow\Snow_GrassGround</Filter>
    </ClInclude>
    <ClInclude Include="..\Public\Snow_Rock.h">
      <Filter>02.GameObjects\Enviorment\02. Snow\Snow_Rock</Filter>
    </ClInclude>
    <ClInclude Include="..\Public\Snow_Vertical_Fence.h">
      <Filter>02.GameObjects\Enviorment\02. Snow\Snow_Fence</Filter>
    </ClInclude>
    <ClInclude Include="..\Public\Snow_Fire.h">
      <Filter>02.GameObjects\Enviorment\02. Snow\Snow_Fire</Filter>
    </ClInclude>
    <ClInclude Include="..\Public\Snow_FireWood.h">
      <Filter>02.GameObjects\Enviorment\02. Snow\Snow_FireWood</Filter>
    </ClInclude>
    <ClInclude Include="..\Public\Level_Koofu.h">
      <Filter>01.Levels\5. Koofu</Filter>
    </ClInclude>
    <ClInclude Include="..\Public\Koofu_Circle.h">
      <Filter>02.GameObjects\Enviorment\03. Koofu\Koofu_Circle</Filter>
    </ClInclude>
    <ClInclude Include="..\Public\Koofu_LowerCenter.h">
      <Filter>02.GameObjects\Enviorment\03. Koofu\Koofu_LowerCenter</Filter>
    </ClInclude>
    <ClInclude Include="..\Public\Koofu_LeftCenter.h">
      <Filter>02.GameObjects\Enviorment\03. Koofu\Koofu_LeftCenter</Filter>
    </ClInclude>
    <ClInclude Include="..\Public\Koofu_RightCenter.h">
      <Filter>02.GameObjects\Enviorment\03. Koofu\Koofu_RightCenter</Filter>
    </ClInclude>
    <ClInclude Include="..\Public\Koofu_LowerLeft.h">
      <Filter>02.GameObjects\Enviorment\03. Koofu\Koofu_LowerLeft</Filter>
    </ClInclude>
    <ClInclude Include="..\Public\Koofu_LowerRight.h">
      <Filter>02.GameObjects\Enviorment\03. Koofu\Koofu_LowerRight</Filter>
    </ClInclude>
    <ClInclude Include="..\Public\Koofu_Upper.h">
      <Filter>02.GameObjects\Enviorment\03. Koofu\Koofu_Upper</Filter>
    </ClInclude>
    <ClInclude Include="..\Public\Koofu_UpperLeft.h">
      <Filter>02.GameObjects\Enviorment\03. Koofu\Koofu_UpperLeft</Filter>
    </ClInclude>
    <ClInclude Include="..\Public\Koofu_UpperRight.h">
      <Filter>02.GameObjects\Enviorment\03. Koofu\Koofu_UpperRight</Filter>
    </ClInclude>
    <ClInclude Include="..\Public\Level_Bug.h">
      <Filter>01.Levels\4. Bug</Filter>
    </ClInclude>
    <ClInclude Include="..\Public\Moon_FloorStone.h">
      <Filter>02.GameObjects\Enviorment\04. Moon\Moon_FlooerStone</Filter>
    </ClInclude>
    <ClInclude Include="..\Public\Moon_BossFrame.h">
      <Filter>02.GameObjects\Enviorment\04. Moon\Moon_BossFrame</Filter>
    </ClInclude>
    <ClInclude Include="..\Public\Moon_Fence.h">
      <Filter>02.GameObjects\Enviorment\04. Moon\Moon_Fence</Filter>
    </ClInclude>
    <ClInclude Include="..\Public\Moon_VerticalFence.h">
      <Filter>02.GameObjects\Enviorment\04. Moon\Moon_VerticalFence</Filter>
    </ClInclude>
    <ClInclude Include="..\public\Skill_Koofu_Bubble.h">
      <Filter>02.GameObjects\Skill\Skill_Monster\Skill_Koofu_Bubble</Filter>
    </ClInclude>
    <ClInclude Include="..\Public\Level_Jungle.h">
      <Filter>01.Levels\2. Jungle</Filter>
    </ClInclude>
    <ClInclude Include="..\Public\Skill_Bug_SludgeWave.h">
      <Filter>02.GameObjects\Skill\Skill_Monster\Skill_Koofu_SludgeWave</Filter>
    </ClInclude>
    <ClInclude Include="..\Public\Mon_Copy_Koofu.h">
      <Filter>02.GameObjects\LandObject\Monster\Koofu_Copy</Filter>
    </ClInclude>
    <ClInclude Include="..\Public\UIObject.h">
      <Filter>02.GameObjects\UI</Filter>
    </ClInclude>
    <ClInclude Include="..\Public\UI_Heart_Player.h">
      <Filter>02.GameObjects\UI\PlayerUI\UI_Heart_Player</Filter>
    </ClInclude>
    <ClInclude Include="..\Public\UI_Icon_KeyBoard.h">
      <Filter>02.GameObjects\UI\PlayerUI\UI_Icon_KeyBoard</Filter>
    </ClInclude>
    <ClInclude Include="..\Public\UI_HP_Player.h">
      <Filter>02.GameObjects\UI\PlayerUI\UI_HP_Player</Filter>
    </ClInclude>
    <ClInclude Include="..\Public\UI_HP_Green_Player.h">
      <Filter>02.GameObjects\UI\PlayerUI\UI_HP_Player</Filter>
    </ClInclude>
    <ClInclude Include="..\Public\UI_HP_GlueEffect_Player.h">
      <Filter>02.GameObjects\UI\PlayerUI\UI_HP_Player</Filter>
    </ClInclude>
    <ClInclude Include="..\Public\UI_HP_BloodEffect.h">
      <Filter>02.GameObjects\UI\PlayerUI\UI_HP_Player</Filter>
    </ClInclude>
    <ClInclude Include="..\Public\Level_Edit.h">
      <Filter>01.Levels\6. Edit</Filter>
    </ClInclude>
    <ClInclude Include="..\Public\Level_UI.h">
      <Filter>01.Levels\7. UI</Filter>
    </ClInclude>
    <ClInclude Include="..\Public\UI_FadeInOut.h">
      <Filter>02.GameObjects\UI\Basic_Effect</Filter>
    </ClInclude>
    <ClInclude Include="..\Public\UI_Inventory_BackGround.h">
      <Filter>02.GameObjects\UI\EscUI\Inventory</Filter>
    </ClInclude>
    <ClInclude Include="..\Public\UI_Inventory_Slot.h">
      <Filter>02.GameObjects\UI\EscUI\Inventory</Filter>
    </ClInclude>
    <ClInclude Include="..\Public\UI_Inventory_VerticalDotLine.h">
      <Filter>02.GameObjects\UI\EscUI\Inventory</Filter>
    </ClInclude>
    <ClInclude Include="..\Public\UI_Shop_PriceTag.h">
      <Filter>02.GameObjects\UI\EscUI\Inventory</Filter>
    </ClInclude>
    <ClInclude Include="..\Public\UI_Inventory_DotLine.h">
      <Filter>02.GameObjects\UI\EscUI\Inventory</Filter>
    </ClInclude>
    <ClInclude Include="..\Public\UI_Shop_ItemInfo_TextBox.h">
      <Filter>02.GameObjects\UI\EscUI\Inventory</Filter>
    </ClInclude>
    <ClInclude Include="..\Public\UI_Cursor.h">
      <Filter>02.GameObjects\UI\EscUI\Inventory</Filter>
    </ClInclude>
    <ClInclude Include="..\Public\UI_Shop_PlayerCoin.h">
      <Filter>02.GameObjects\UI\EscUI\Inventory</Filter>
    </ClInclude>
    <ClInclude Include="..\Public\UI_ItemTabIcon_Hat.h">
      <Filter>02.GameObjects\UI\EscUI\Inventory</Filter>
    </ClInclude>
    <ClInclude Include="..\Public\UI_ItemTabIcon_Food.h">
      <Filter>02.GameObjects\UI\EscUI\Inventory</Filter>
    </ClInclude>
    <ClInclude Include="..\Public\UI_ItemTabIcon_Leaf.h">
      <Filter>02.GameObjects\UI\EscUI\Inventory</Filter>
    </ClInclude>
    <ClInclude Include="..\Public\UI_ItemTabIcon_Caution.h">
      <Filter>02.GameObjects\UI\EscUI\Inventory</Filter>
    </ClInclude>
    <ClInclude Include="..\Public\UI_Inventory.h">
      <Filter>02.GameObjects\UI\EscUI</Filter>
    </ClInclude>
    <ClInclude Include="..\Public\UI_Inventory_SlotBeigeBackground.h">
      <Filter>02.GameObjects\UI\EscUI\Inventory</Filter>
    </ClInclude>
    <ClInclude Include="..\Public\UI_Inventory_Button.h">
      <Filter>02.GameObjects\UI\EscUI\Inventory</Filter>
    </ClInclude>
    <ClInclude Include="..\Public\UI_PlayerEquipSlot.h">
      <Filter>02.GameObjects\UI\PlayerUI\UI_PlayerEquipSlot</Filter>
    </ClInclude>
    <ClInclude Include="..\Public\UI_PlayerEquipSlot_BackGround.h">
      <Filter>02.GameObjects\UI\PlayerUI\UI_PlayerEquipSlot</Filter>
    </ClInclude>
    <ClInclude Include="..\Public\UI_Item.h">
      <Filter>02.GameObjects\UI\PlayerItem</Filter>
    </ClInclude>
    <ClInclude Include="..\Public\UI_Hat.h">
      <Filter>02.GameObjects\UI\PlayerItem</Filter>
    </ClInclude>
    <ClInclude Include="..\Public\UI_Loading_Background.h">
      <Filter>02.GameObjects\UI\Loading</Filter>
    </ClInclude>
    <ClInclude Include="..\Public\UI_Loading_Orgu_Run.h">
      <Filter>02.GameObjects\UI\Loading</Filter>
    </ClInclude>
  </ItemGroup>
  <ItemGroup>
    <ClCompile Include="Client.cpp">
      <Filter>98.Default</Filter>
    </ClCompile>
    <ClCompile Include="stdafx.cpp">
      <Filter>98.Default</Filter>
    </ClCompile>
    <ClCompile Include="..\private\MainApp.cpp">
      <Filter>00.MainApp</Filter>
    </ClCompile>
    <ClCompile Include="..\Private\Level_Loading.cpp">
      <Filter>01.Levels\99. Loading</Filter>
    </ClCompile>
    <ClCompile Include="..\Private\Level_GamePlay.cpp">
      <Filter>01.Levels\GamePlay</Filter>
    </ClCompile>
    <ClCompile Include="..\private\Loader.cpp">
      <Filter>01.Levels\99. Loading\Loader</Filter>
    </ClCompile>
    <ClCompile Include="..\private\BackGround.cpp">
      <Filter>02.GameObjects\BackGround</Filter>
    </ClCompile>
    <ClCompile Include="..\Private\Player.cpp">
      <Filter>02.GameObjects\LandObject\Player</Filter>
    </ClCompile>
    <ClCompile Include="..\Private\Monster.cpp">
      <Filter>02.GameObjects\LandObject\Monster</Filter>
    </ClCompile>
    <ClCompile Include="..\Private\imgui.cpp">
      <Filter>97. Imgui\cpp</Filter>
    </ClCompile>
    <ClCompile Include="..\Private\imgui_demo.cpp">
      <Filter>97. Imgui\cpp</Filter>
    </ClCompile>
    <ClCompile Include="..\Private\imgui_draw.cpp">
      <Filter>97. Imgui\cpp</Filter>
    </ClCompile>
    <ClCompile Include="..\Private\imgui_impl_dx9.cpp">
      <Filter>97. Imgui\cpp</Filter>
    </ClCompile>
    <ClCompile Include="..\Private\imgui_impl_win32.cpp">
      <Filter>97. Imgui\cpp</Filter>
    </ClCompile>
    <ClCompile Include="..\Private\imgui_tables.cpp">
      <Filter>97. Imgui\cpp</Filter>
    </ClCompile>
    <ClCompile Include="..\Private\imgui_widgets.cpp">
      <Filter>97. Imgui\cpp</Filter>
    </ClCompile>
    <ClCompile Include="..\Private\Camera.cpp">
      <Filter>02.GameObjects\Camera</Filter>
    </ClCompile>
    <ClCompile Include="..\Private\Terrain.cpp">
      <Filter>02.GameObjects\Terrain</Filter>
    </ClCompile>
    <ClCompile Include="..\Private\LandObject.cpp">
      <Filter>02.GameObjects\LandObject</Filter>
    </ClCompile>
    <ClCompile Include="..\Private\Tree.cpp">
      <Filter>02.GameObjects\Enviorment\01. Jungle\Tree</Filter>
    </ClCompile>
    <ClCompile Include="..\Private\Push_Stone.cpp">
      <Filter>02.GameObjects\Enviorment\01. Jungle\Push_Stone</Filter>
    </ClCompile>
    <ClCompile Include="..\Private\Monkey_Statue.cpp">
      <Filter>02.GameObjects\Enviorment\01. Jungle\Monkey_Statue</Filter>
    </ClCompile>
    <ClCompile Include="..\Private\RockBreakable.cpp">
      <Filter>02.GameObjects\Enviorment\01. Jungle\RockBreakable</Filter>
    </ClCompile>
    <ClCompile Include="..\Private\Block.cpp">
      <Filter>02.GameObjects\Enviorment\01. Jungle\Block</Filter>
    </ClCompile>
    <ClCompile Include="..\Private\Hole.cpp">
      <Filter>02.GameObjects\Enviorment\01. Jungle\Hole</Filter>
    </ClCompile>
    <ClCompile Include="..\Private\Bush.cpp">
      <Filter>02.GameObjects\Enviorment\01. Jungle\Bush</Filter>
    </ClCompile>
    <ClCompile Include="..\Private\Skill.cpp">
      <Filter>02.GameObjects\Skill</Filter>
    </ClCompile>
    <ClCompile Include="..\Private\Skill_Player.cpp">
      <Filter>02.GameObjects\Skill\Skill_Player</Filter>
    </ClCompile>
    <ClCompile Include="..\Private\Skill_Monster.cpp">
      <Filter>02.GameObjects\Skill\Skill_Monster</Filter>
    </ClCompile>
    <ClCompile Include="..\Private\Skill_Bug_Bullet.cpp">
      <Filter>02.GameObjects\Skill\Skill_Monster\Skill_Bug_Bullet</Filter>
    </ClCompile>
    <ClCompile Include="..\Private\Mon_Pocket.cpp">
      <Filter>02.GameObjects\LandObject\Monster\Pocket</Filter>
    </ClCompile>
    <ClCompile Include="..\Private\Skill_Koofu_Rolling.cpp">
      <Filter>02.GameObjects\Skill\Skill_Monster\Skill_Koofu_Rolling</Filter>
    </ClCompile>
    <ClCompile Include="..\Private\Boss_Bug.cpp">
      <Filter>02.GameObjects\LandObject\Monster\Boss\Bug</Filter>
    </ClCompile>
    <ClCompile Include="..\Private\Boss_Koofu.cpp">
      <Filter>02.GameObjects\LandObject\Monster\Boss\Koofu</Filter>
    </ClCompile>
    <ClCompile Include="..\Private\Mon_Turtle.cpp">
      <Filter>02.GameObjects\LandObject\Monster\Turtle</Filter>
    </ClCompile>
    <ClCompile Include="..\Private\Sky.cpp">
      <Filter>02.GameObjects\Sky</Filter>
    </ClCompile>
    <ClCompile Include="..\Private\EnviormentObject.cpp">
      <Filter>02.GameObjects\Enviorment</Filter>
    </ClCompile>
    <ClCompile Include="..\private\Skill_Koofu_Fuit.cpp">
      <Filter>02.GameObjects\Skill\Skill_Monster\Skill_Koofu_Fuit</Filter>
    </ClCompile>
    <ClCompile Include="..\Private\Level_Tacho.cpp">
      <Filter>01.Levels\1. Tacho</Filter>
    </ClCompile>
    <ClCompile Include="..\Private\Outside_Shop.cpp">
      <Filter>02.GameObjects\Enviorment\00. Tacho\Outside_Shop</Filter>
    </ClCompile>
    <ClCompile Include="..\Private\Outside_BreadShop.cpp">
      <Filter>02.GameObjects\Enviorment\00. Tacho\Outside_BreadShop</Filter>
    </ClCompile>
    <ClCompile Include="..\Private\Outside_WaterTank.cpp">
      <Filter>02.GameObjects\Enviorment\00. Tacho\Outside_WaterTank</Filter>
    </ClCompile>
    <ClCompile Include="..\Private\Outside_PotHorizontal1.cpp">
      <Filter>02.GameObjects\Enviorment\00. Tacho\Outside_PotHorizontal1</Filter>
    </ClCompile>
    <ClCompile Include="..\Private\Outside_PotHorizontal2.cpp">
      <Filter>02.GameObjects\Enviorment\00. Tacho\Outside_PotHorizontal2</Filter>
    </ClCompile>
    <ClCompile Include="..\Private\Outside_SuperMarket.cpp">
      <Filter>02.GameObjects\Enviorment\00. Tacho\Outside_SuperMarket</Filter>
    </ClCompile>
    <ClCompile Include="..\Private\TachoShop_Tile.cpp">
      <Filter>02.GameObjects\Tile\Tacho</Filter>
    </ClCompile>
    <ClCompile Include="..\Private\Outside_Fence.cpp">
      <Filter>02.GameObjects\Enviorment\00. Tacho\Outside_Fence</Filter>
    </ClCompile>
    <ClCompile Include="..\Private\TachoGround_Tile.cpp">
      <Filter>02.GameObjects\Tile\Tacho\TachoGround_Tile</Filter>
    </ClCompile>
    <ClCompile Include="..\Private\Outside_TelephonePole.cpp">
      <Filter>02.GameObjects\Enviorment\00. Tacho\Outside_TelephonePole</Filter>
    </ClCompile>
    <ClCompile Include="..\Private\Level_Snow.cpp">
      <Filter>01.Levels\3. Snow</Filter>
    </ClCompile>
    <ClCompile Include="..\Private\Snow_Tree.cpp">
      <Filter>02.GameObjects\Enviorment\02. Snow\Snow_Tree</Filter>
    </ClCompile>
    <ClCompile Include="..\Private\Snow_House.cpp">
      <Filter>02.GameObjects\Enviorment\02. Snow\Snow_House</Filter>
    </ClCompile>
    <ClCompile Include="..\Private\Snow_Fence.cpp">
      <Filter>02.GameObjects\Enviorment\02. Snow\Snow_Fence</Filter>
    </ClCompile>
    <ClCompile Include="..\Private\Snow_CenterDirt.cpp">
      <Filter>02.GameObjects\Enviorment\02. Snow\Snow_CenterDirt</Filter>
    </ClCompile>
    <ClCompile Include="..\Private\Snow_Bush.cpp">
      <Filter>02.GameObjects\Enviorment\02. Snow\Snow_Bush</Filter>
    </ClCompile>
    <ClCompile Include="..\Private\Snow_GrassGround.cpp">
      <Filter>02.GameObjects\Enviorment\02. Snow\Snow_GrassGround</Filter>
    </ClCompile>
    <ClCompile Include="..\Private\Snow_Rock.cpp">
      <Filter>02.GameObjects\Enviorment\02. Snow\Snow_Rock</Filter>
    </ClCompile>
    <ClCompile Include="..\Private\Snow_Vertical_Fence.cpp">
      <Filter>02.GameObjects\Enviorment\02. Snow\Snow_Fence</Filter>
    </ClCompile>
    <ClCompile Include="..\Private\Snow_Fire.cpp">
      <Filter>02.GameObjects\Enviorment\02. Snow\Snow_Fire</Filter>
    </ClCompile>
    <ClCompile Include="..\Private\Snow_FireWood.cpp">
      <Filter>02.GameObjects\Enviorment\02. Snow\Snow_FireWood</Filter>
    </ClCompile>
    <ClCompile Include="..\Private\Level_Koofu.cpp">
      <Filter>01.Levels\5. Koofu</Filter>
    </ClCompile>
    <ClCompile Include="..\Private\Koofu_Circle.cpp">
      <Filter>02.GameObjects\Enviorment\03. Koofu\Koofu_Circle</Filter>
    </ClCompile>
    <ClCompile Include="..\Private\Koofu_LowerCenter.cpp">
      <Filter>02.GameObjects\Enviorment\03. Koofu\Koofu_LowerCenter</Filter>
    </ClCompile>
    <ClCompile Include="..\Private\Koofu_LeftCenter.cpp">
      <Filter>02.GameObjects\Enviorment\03. Koofu\Koofu_LeftCenter</Filter>
    </ClCompile>
    <ClCompile Include="..\Private\Koofu_RightCenter.cpp">
      <Filter>02.GameObjects\Enviorment\03. Koofu\Koofu_RightCenter</Filter>
    </ClCompile>
    <ClCompile Include="..\Private\Koofu_LowerLeft.cpp">
      <Filter>02.GameObjects\Enviorment\03. Koofu\Koofu_LowerLeft</Filter>
    </ClCompile>
    <ClCompile Include="..\Private\Koofu_LowerRight.cpp">
      <Filter>02.GameObjects\Enviorment\03. Koofu\Koofu_LowerRight</Filter>
    </ClCompile>
    <ClCompile Include="..\Private\Koofu_Upper.cpp">
      <Filter>02.GameObjects\Enviorment\03. Koofu\Koofu_Upper</Filter>
    </ClCompile>
    <ClCompile Include="..\Private\Koofu_UpperLeft.cpp">
      <Filter>02.GameObjects\Enviorment\03. Koofu\Koofu_UpperLeft</Filter>
    </ClCompile>
    <ClCompile Include="..\Private\Koofu_UpperRight.cpp">
      <Filter>02.GameObjects\Enviorment\03. Koofu\Koofu_UpperRight</Filter>
    </ClCompile>
    <ClCompile Include="..\Private\Level_Bug.cpp">
      <Filter>01.Levels\4. Bug</Filter>
    </ClCompile>
    <ClCompile Include="..\Private\Moon_FloorStone.cpp">
      <Filter>02.GameObjects\Enviorment\04. Moon\Moon_FlooerStone</Filter>
    </ClCompile>
    <ClCompile Include="..\Private\Moon_BossFrame.cpp">
      <Filter>02.GameObjects\Enviorment\04. Moon\Moon_BossFrame</Filter>
    </ClCompile>
    <ClCompile Include="..\Private\Moon_Fence.cpp">
      <Filter>02.GameObjects\Enviorment\04. Moon\Moon_Fence</Filter>
    </ClCompile>
    <ClCompile Include="..\Private\Moon_VerticalFence.cpp">
      <Filter>02.GameObjects\Enviorment\04. Moon\Moon_VerticalFence</Filter>
    </ClCompile>
    <ClCompile Include="..\private\Skill_Koofu_Bubble.cpp">
      <Filter>02.GameObjects\Skill\Skill_Monster\Skill_Koofu_Bubble</Filter>
    </ClCompile>
    <ClCompile Include="..\Private\Level_Jungle.cpp">
      <Filter>01.Levels\2. Jungle</Filter>
    </ClCompile>
    <ClCompile Include="..\Private\Skill_Bug_SludgeWave.cpp">
      <Filter>02.GameObjects\Skill\Skill_Monster\Skill_Koofu_SludgeWave</Filter>
    </ClCompile>
    <ClCompile Include="..\Private\Mon_Copy_Koofu.cpp">
      <Filter>02.GameObjects\LandObject\Monster\Koofu_Copy</Filter>
    </ClCompile>
    <ClCompile Include="..\Private\UIObject.cpp">
      <Filter>02.GameObjects\UI</Filter>
    </ClCompile>
    <ClCompile Include="..\Private\UI_Heart_Player.cpp">
      <Filter>02.GameObjects\UI\PlayerUI\UI_Heart_Player</Filter>
    </ClCompile>
    <ClCompile Include="..\Private\UI_Icon_KeyBoard.cpp">
      <Filter>02.GameObjects\UI\PlayerUI\UI_Icon_KeyBoard</Filter>
    </ClCompile>
    <ClCompile Include="..\Private\UI_HP_Player.cpp">
      <Filter>02.GameObjects\UI\PlayerUI\UI_HP_Player</Filter>
    </ClCompile>
    <ClCompile Include="..\Private\UI_HP_Green_Player.cpp">
      <Filter>02.GameObjects\UI\PlayerUI\UI_HP_Player</Filter>
    </ClCompile>
    <ClCompile Include="..\Private\UI_HP_GlueEffect_Player.cpp">
      <Filter>02.GameObjects\UI\PlayerUI\UI_HP_Player</Filter>
    </ClCompile>
    <ClCompile Include="..\Private\UI_HP_BloodEffect.cpp">
      <Filter>02.GameObjects\UI\PlayerUI\UI_HP_Player</Filter>
    </ClCompile>
    <ClCompile Include="..\Private\Level_Edit.cpp">
      <Filter>01.Levels\6. Edit</Filter>
    </ClCompile>
    <ClCompile Include="..\Private\Level_UI.cpp">
      <Filter>01.Levels\7. UI</Filter>
    </ClCompile>
    <ClCompile Include="..\Private\UI_FadeInOut.cpp">
      <Filter>02.GameObjects\UI\Basic_Effect</Filter>
    </ClCompile>
    <ClCompile Include="..\Private\UI_Inventory_BackGround.cpp">
      <Filter>02.GameObjects\UI\EscUI\Inventory</Filter>
    </ClCompile>
    <ClCompile Include="..\Private\UI_Inventory_Slot.cpp">
      <Filter>02.GameObjects\UI\EscUI\Inventory</Filter>
    </ClCompile>
    <ClCompile Include="..\Private\UI_Inventory_VerticalDotLine.cpp">
      <Filter>02.GameObjects\UI\EscUI\Inventory</Filter>
    </ClCompile>
    <ClCompile Include="..\Private\UI_Shop_PriceTag.cpp">
      <Filter>02.GameObjects\UI\EscUI\Inventory</Filter>
    </ClCompile>
    <ClCompile Include="..\Private\UI_Inventory_DotLine.cpp">
      <Filter>02.GameObjects\UI\EscUI\Inventory</Filter>
    </ClCompile>
    <ClCompile Include="..\Private\UI_Shop_ItemInfo_TextBox.cpp">
      <Filter>02.GameObjects\UI\EscUI\Inventory</Filter>
    </ClCompile>
    <ClCompile Include="..\Private\UI_Cursor.cpp">
      <Filter>02.GameObjects\UI\EscUI\Inventory</Filter>
    </ClCompile>
    <ClCompile Include="..\Private\UI_Shop_PlayerCoin.cpp">
      <Filter>02.GameObjects\UI\EscUI\Inventory</Filter>
    </ClCompile>
    <ClCompile Include="..\Private\UI_ItemTabIcon_Hat.cpp">
      <Filter>02.GameObjects\UI\EscUI\Inventory</Filter>
    </ClCompile>
    <ClCompile Include="..\Private\UI_ItemTabIcon_Food.cpp">
      <Filter>02.GameObjects\UI\EscUI\Inventory</Filter>
    </ClCompile>
    <ClCompile Include="..\Private\UI_ItemTabIcon_Leaf.cpp">
      <Filter>02.GameObjects\UI\EscUI\Inventory</Filter>
    </ClCompile>
    <ClCompile Include="..\Private\UI_ItemTabIcon_Caution.cpp">
      <Filter>02.GameObjects\UI\EscUI\Inventory</Filter>
    </ClCompile>
    <ClCompile Include="..\Private\UI_Inventory.cpp">
      <Filter>02.GameObjects\UI\EscUI</Filter>
    </ClCompile>
    <ClCompile Include="..\Private\UI_Inventory_SlotBeigeBackground.cpp">
      <Filter>02.GameObjects\UI\EscUI\Inventory</Filter>
    </ClCompile>
    <ClCompile Include="..\Private\UI_Inventory_Button.cpp">
      <Filter>02.GameObjects\UI\EscUI\Inventory</Filter>
    </ClCompile>
    <ClCompile Include="..\Private\UI_PlayerEquipSlot.cpp">
      <Filter>02.GameObjects\UI\PlayerUI\UI_PlayerEquipSlot</Filter>
    </ClCompile>
    <ClCompile Include="..\Private\UI_PlayerEquipSlot_BackGround.cpp">
      <Filter>02.GameObjects\UI\PlayerUI\UI_PlayerEquipSlot</Filter>
    </ClCompile>
    <ClCompile Include="..\Private\UI_Hat.cpp">
      <Filter>02.GameObjects\UI\PlayerItem</Filter>
    </ClCompile>
    <ClCompile Include="..\Private\UI_Item.cpp">
      <Filter>02.GameObjects\UI\PlayerItem</Filter>
    </ClCompile>
    <ClCompile Include="..\Private\UI_Loading_Background.cpp">
      <Filter>02.GameObjects\UI\Loading</Filter>
    </ClCompile>
    <ClCompile Include="..\Private\UI_Loading_Orgu_Run.cpp">
      <Filter>02.GameObjects\UI\Loading</Filter>
    </ClCompile>
  </ItemGroup>
  <ItemGroup>
    <Image Include="Client.ico">
      <Filter>98.Default</Filter>
    </Image>
    <Image Include="small.ico">
      <Filter>98.Default</Filter>
    </Image>
  </ItemGroup>
  <ItemGroup>
    <ResourceCompile Include="Client.rc">
      <Filter>98.Default</Filter>
    </ResourceCompile>
  </ItemGroup>
  <ItemGroup>
    <Natvis Include="..\Private\imgui.natvis">
      <Filter>97. Imgui\cpp</Filter>
    </Natvis>
  </ItemGroup>
  <ItemGroup>
    <None Include="..\Private\imgui.natstepfilter">
      <Filter>97. Imgui\cpp</Filter>
    </None>
    <None Include="ClassDiagram.cd" />
  </ItemGroup>
</Project>