<?xml version="1.0" encoding="utf-8"?>
<Project ToolsVersion="4.0" xmlns="http://schemas.microsoft.com/developer/msbuild/2003">
  <ItemGroup>
    <Filter Include="99.Defines">
      <UniqueIdentifier>{6bbefb87-ddff-4aff-9a2b-1cc95f3a4a2b}</UniqueIdentifier>
    </Filter>
    <Filter Include="98.Default">
      <UniqueIdentifier>{6c4eb57b-802a-4017-9742-8860e80273aa}</UniqueIdentifier>
    </Filter>
    <Filter Include="00.MainApp">
      <UniqueIdentifier>{e37c2c98-d15c-493b-bc4b-7d9cd7207c32}</UniqueIdentifier>
    </Filter>
    <Filter Include="01.Levels">
      <UniqueIdentifier>{8fe9f321-834c-4fda-b652-015f8ffa5628}</UniqueIdentifier>
    </Filter>
    <Filter Include="01.Levels\Logo">
      <UniqueIdentifier>{cae9f95a-8919-4f1e-a749-ee91785ca225}</UniqueIdentifier>
    </Filter>
    <Filter Include="01.Levels\Loading">
      <UniqueIdentifier>{a3db46bb-ea3d-4c11-8638-aad6c190712a}</UniqueIdentifier>
    </Filter>
    <Filter Include="01.Levels\GamePlay">
      <UniqueIdentifier>{7f41c64b-be06-422e-9219-83684cafa8a6}</UniqueIdentifier>
    </Filter>
    <Filter Include="01.Levels\Loading\Loader">
      <UniqueIdentifier>{4627ad56-58d9-45e5-9d9d-a5bb27f03ba3}</UniqueIdentifier>
    </Filter>
    <Filter Include="02.GameObjects">
      <UniqueIdentifier>{e43784d0-ed5c-40f4-8d22-a8a57286ac27}</UniqueIdentifier>
    </Filter>
    <Filter Include="02.GameObjects\BackGround">
      <UniqueIdentifier>{00b0977b-28d1-4d3e-8c7e-eaba26c2ab85}</UniqueIdentifier>
    </Filter>
    <Filter Include="02.GameObjects\Player">
      <UniqueIdentifier>{c8adca8e-cb98-4749-9922-3f12942b28de}</UniqueIdentifier>
    </Filter>
    <Filter Include="02.GameObjects\Monster">
      <UniqueIdentifier>{b582b878-7d24-4112-912e-1f594742f5e7}</UniqueIdentifier>
    </Filter>
    <Filter Include="97. Imgui">
      <UniqueIdentifier>{54738d0b-dec9-4d92-945a-87529e336b85}</UniqueIdentifier>
    </Filter>
    <Filter Include="97. Imgui\cpp">
      <UniqueIdentifier>{d7ef9f58-a679-4b84-88b4-a1f7b29b5d40}</UniqueIdentifier>
    </Filter>
    <Filter Include="97. Imgui\h">
      <UniqueIdentifier>{51c7bedd-2a1f-4658-b358-1ef42feb205e}</UniqueIdentifier>
    </Filter>
    <Filter Include="02.GameObjects\Camera">
      <UniqueIdentifier>{24d91bed-70bb-479e-a6ef-c6a774315506}</UniqueIdentifier>
    </Filter>
    <Filter Include="02.GameObjects\Monster\Boss">
      <UniqueIdentifier>{2dc6f27d-adcc-40ff-857f-3983087d1ef1}</UniqueIdentifier>
    </Filter>
    <Filter Include="02.GameObjects\Monster\Pocket">
      <UniqueIdentifier>{282b6d17-7e5e-44f3-be90-4f58a5f2abc5}</UniqueIdentifier>
    </Filter>
    <Filter Include="02.GameObjects\Skill">
      <UniqueIdentifier>{d02dc42a-e261-4226-80a7-783558e6f6a6}</UniqueIdentifier>
    </Filter>
    <Filter Include="02.GameObjects\Effect">
      <UniqueIdentifier>{d6946fef-3b6e-47c4-85fb-b41e85cf0856}</UniqueIdentifier>
    </Filter>
    <Filter Include="02.GameObjects\Skill\Skill_Monster">
      <UniqueIdentifier>{be37443a-932d-432e-8215-c161d8c74e72}</UniqueIdentifier>
    </Filter>
    <Filter Include="02.GameObjects\Skill\Skill_Monster\Skill_Bug_Bullet">
      <UniqueIdentifier>{24ad1d1b-0a96-42c7-99c0-f668ff9b9e49}</UniqueIdentifier>
    </Filter>
    <Filter Include="02.GameObjects\Monster\Boss\Bug">
      <UniqueIdentifier>{ee60bb36-240b-4572-ab17-a1c6c22f1ac3}</UniqueIdentifier>
    </Filter>
    <Filter Include="02.GameObjects\Monster\Boss\Koofu">
      <UniqueIdentifier>{b608a6ae-4194-4acf-928d-5d236733510e}</UniqueIdentifier>
    </Filter>
    <Filter Include="02.GameObjects\Monster\Turtle">
      <UniqueIdentifier>{f1a3aca4-38e1-4ebe-b789-6ee30cab4c70}</UniqueIdentifier>
    </Filter>
    <Filter Include="02.GameObjects\Skill\Skill_Monster\Skill_Koofu_Rolling">
      <UniqueIdentifier>{b5fae651-084a-487c-ad97-6068bccff08d}</UniqueIdentifier>
    </Filter>
  </ItemGroup>
  <ItemGroup>
    <Text Include="ReadMe.txt" />
  </ItemGroup>
  <ItemGroup>
    <ClInclude Include="Client.h">
      <Filter>98.Default</Filter>
    </ClInclude>
    <ClInclude Include="Resource.h">
      <Filter>98.Default</Filter>
    </ClInclude>
    <ClInclude Include="stdafx.h">
      <Filter>98.Default</Filter>
    </ClInclude>
    <ClInclude Include="targetver.h">
      <Filter>98.Default</Filter>
    </ClInclude>
    <ClInclude Include="..\public\MainApp.h">
      <Filter>00.MainApp</Filter>
    </ClInclude>
    <ClInclude Include="..\Public\Client_Defines.h">
      <Filter>99.Defines</Filter>
    </ClInclude>
    <ClInclude Include="..\public\Level_Logo.h">
      <Filter>01.Levels\Logo</Filter>
    </ClInclude>
    <ClInclude Include="..\Public\Level_Loading.h">
      <Filter>01.Levels\Loading</Filter>
    </ClInclude>
    <ClInclude Include="..\Public\Level_GamePlay.h">
      <Filter>01.Levels\GamePlay</Filter>
    </ClInclude>
    <ClInclude Include="..\public\Loader.h">
      <Filter>01.Levels\Loading\Loader</Filter>
    </ClInclude>
    <ClInclude Include="..\public\BackGround.h">
      <Filter>02.GameObjects\BackGround</Filter>
    </ClInclude>
    <ClInclude Include="..\Public\Player.h">
      <Filter>02.GameObjects\Player</Filter>
    </ClInclude>
    <ClInclude Include="..\Public\imstb_rectpack.h">
      <Filter>97. Imgui\h</Filter>
    </ClInclude>
    <ClInclude Include="..\Public\imstb_textedit.h">
      <Filter>97. Imgui\h</Filter>
    </ClInclude>
    <ClInclude Include="..\Public\imstb_truetype.h">
      <Filter>97. Imgui\h</Filter>
    </ClInclude>
    <ClInclude Include="..\Public\imconfig.h">
      <Filter>97. Imgui\h</Filter>
    </ClInclude>
    <ClInclude Include="..\Public\imgui.h">
      <Filter>97. Imgui\h</Filter>
    </ClInclude>
    <ClInclude Include="..\Public\imgui_impl_dx9.h">
      <Filter>97. Imgui\h</Filter>
    </ClInclude>
    <ClInclude Include="..\Public\imgui_impl_win32.h">
      <Filter>97. Imgui\h</Filter>
    </ClInclude>
    <ClInclude Include="..\Public\imgui_internal.h">
      <Filter>97. Imgui\h</Filter>
    </ClInclude>
    <ClInclude Include="..\Public\Camera.h">
      <Filter>02.GameObjects\Camera</Filter>
    </ClInclude>
    <ClInclude Include="..\public\Monster.h">
      <Filter>02.GameObjects\Monster</Filter>
    </ClInclude>
    <ClInclude Include="..\Public\Mon_Pocket.h">
      <Filter>02.GameObjects\Monster\Pocket</Filter>
    </ClInclude>
    <ClInclude Include="..\public\Skill_Monster.h">
      <Filter>02.GameObjects\Skill\Skill_Monster</Filter>
    </ClInclude>
    <ClInclude Include="..\public\Skill.h">
      <Filter>02.GameObjects\Skill</Filter>
    </ClInclude>
    <ClInclude Include="..\public\Skill_Bug_Bullet.h">
      <Filter>02.GameObjects\Skill\Skill_Monster\Skill_Bug_Bullet</Filter>
    </ClInclude>
    <ClInclude Include="..\public\Boss_Bug.h">
      <Filter>02.GameObjects\Monster\Boss\Bug</Filter>
    </ClInclude>
    <ClInclude Include="..\Public\Boss_Koofu.h">
      <Filter>02.GameObjects\Monster\Boss\Koofu</Filter>
    </ClInclude>
    <ClInclude Include="..\public\Mon_Turtle.h">
      <Filter>02.GameObjects\Monster\Turtle</Filter>
    </ClInclude>
    <ClInclude Include="..\public\Skill_Koofu_Rolling.h">
      <Filter>02.GameObjects\Skill\Skill_Monster\Skill_Koofu_Rolling</Filter>
    </ClInclude>
  </ItemGroup>
  <ItemGroup>
    <ClCompile Include="Client.cpp">
      <Filter>98.Default</Filter>
    </ClCompile>
    <ClCompile Include="stdafx.cpp">
      <Filter>98.Default</Filter>
    </ClCompile>
    <ClCompile Include="..\private\MainApp.cpp">
      <Filter>00.MainApp</Filter>
    </ClCompile>
    <ClCompile Include="..\private\Level_Logo.cpp">
      <Filter>01.Levels\Logo</Filter>
    </ClCompile>
    <ClCompile Include="..\Private\Level_Loading.cpp">
      <Filter>01.Levels\Loading</Filter>
    </ClCompile>
    <ClCompile Include="..\private\Loader.cpp">
      <Filter>01.Levels\Loading\Loader</Filter>
    </ClCompile>
    <ClCompile Include="..\private\BackGround.cpp">
      <Filter>02.GameObjects\BackGround</Filter>
    </ClCompile>
    <ClCompile Include="..\Private\Player.cpp">
      <Filter>02.GameObjects\Player</Filter>
    </ClCompile>
    <ClCompile Include="..\Private\imgui.cpp">
      <Filter>97. Imgui\cpp</Filter>
    </ClCompile>
    <ClCompile Include="..\Private\imgui_demo.cpp">
      <Filter>97. Imgui\cpp</Filter>
    </ClCompile>
    <ClCompile Include="..\Private\imgui_draw.cpp">
      <Filter>97. Imgui\cpp</Filter>
    </ClCompile>
    <ClCompile Include="..\Private\imgui_impl_dx9.cpp">
      <Filter>97. Imgui\cpp</Filter>
    </ClCompile>
    <ClCompile Include="..\Private\imgui_impl_win32.cpp">
      <Filter>97. Imgui\cpp</Filter>
    </ClCompile>
    <ClCompile Include="..\Private\imgui_tables.cpp">
      <Filter>97. Imgui\cpp</Filter>
    </ClCompile>
    <ClCompile Include="..\Private\imgui_widgets.cpp">
      <Filter>97. Imgui\cpp</Filter>
    </ClCompile>
    <ClCompile Include="..\Private\Camera.cpp">
      <Filter>02.GameObjects\Camera</Filter>
    </ClCompile>
    <ClCompile Include="..\private\Monster.cpp">
      <Filter>02.GameObjects\Monster</Filter>
    </ClCompile>
    <ClCompile Include="..\Private\Mon_Pocket.cpp">
      <Filter>02.GameObjects\Monster\Pocket</Filter>
    </ClCompile>
    <ClCompile Include="..\private\Skill_Monster.cpp">
      <Filter>02.GameObjects\Skill\Skill_Monster</Filter>
    </ClCompile>
    <ClCompile Include="..\private\Skill.cpp">
      <Filter>02.GameObjects\Skill</Filter>
    </ClCompile>
    <ClCompile Include="..\private\Skill_Bug_Bullet.cpp">
      <Filter>02.GameObjects\Skill\Skill_Monster\Skill_Bug_Bullet</Filter>
    </ClCompile>
    <ClCompile Include="..\Private\Level_GamePlay.cpp">
      <Filter>01.Levels\GamePlay</Filter>
    </ClCompile>
    <ClCompile Include="..\private\Boss_Bug.cpp">
      <Filter>02.GameObjects\Monster\Boss\Bug</Filter>
    </ClCompile>
    <ClCompile Include="..\Private\Boss_Koofu.cpp">
      <Filter>02.GameObjects\Monster\Boss\Koofu</Filter>
    </ClCompile>
    <ClCompile Include="..\private\Mon_Turtle.cpp">
      <Filter>02.GameObjects\Monster\Turtle</Filter>
    </ClCompile>
    <ClCompile Include="..\private\Skill_Koofu_Rolling.cpp">
      <Filter>02.GameObjects\Skill\Skill_Monster\Skill_Koofu_Rolling</Filter>
    </ClCompile>
  </ItemGroup>
  <ItemGroup>
    <Image Include="Client.ico">
      <Filter>98.Default</Filter>
    </Image>
    <Image Include="small.ico">
      <Filter>98.Default</Filter>
    </Image>
  </ItemGroup>
  <ItemGroup>
    <ResourceCompile Include="Client.rc">
      <Filter>98.Default</Filter>
    </ResourceCompile>
  </ItemGroup>
  <ItemGroup>
    <Natvis Include="..\Private\imgui.natvis">
      <Filter>97. Imgui\cpp</Filter>
    </Natvis>
  </ItemGroup>
  <ItemGroup>
    <None Include="..\Private\imgui.natstepfilter">
      <Filter>97. Imgui\cpp</Filter>
    </None>
  </ItemGroup>
</Project>